
Microsoft Visual Studio Solution File, Format Version 12.00
# Visual Studio 15
VisualStudioVersion = 15.0.28307.757
MinimumVisualStudioVersion = 10.0.40219.1
Project("{FAE04EC0-301F-11D3-BF4B-00C04F79EFBC}") = "Stavworld_Csharp_Selenium_Specflow_Nunit", "Stavworld_Csharp_Selenium_Specflow_Nunit\Stavworld_Csharp_Selenium_Specflow_Nunit.csproj", "{C9A4F8CF-FDA3-4608-AA15-8AB7EB9DDD91}"
EndProject
Global
	GlobalSection(SolutionConfigurationPlatforms) = preSolution
		Debug|Any CPU = Debug|Any CPU
		Release|Any CPU = Release|Any CPU
	EndGlobalSection
	GlobalSection(ProjectConfigurationPlatforms) = postSolution
		{C9A4F8CF-FDA3-4608-AA15-8AB7EB9DDD91}.Debug|Any CPU.ActiveCfg = Debug|Any CPU
		{C9A4F8CF-FDA3-4608-AA15-8AB7EB9DDD91}.Debug|Any CPU.Build.0 = Debug|Any CPU
		{C9A4F8CF-FDA3-4608-AA15-8AB7EB9DDD91}.Release|Any CPU.ActiveCfg = Release|Any CPU
		{C9A4F8CF-FDA3-4608-AA15-8AB7EB9DDD91}.Release|Any CPU.Build.0 = Release|Any CPU
	EndGlobalSection
	GlobalSection(SolutionProperties) = preSolution
		HideSolutionNode = FALSE
	EndGlobalSection
	GlobalSection(ExtensibilityGlobals) = postSolution
		SolutionGuid = {D175BB19-48B9-4816-BBA7-30B9DE8BDC1C}
	EndGlobalSection
EndGlobal
